
Microsoft Visual Studio Solution File, Format Version 12.00
# Visual Studio Version 17
VisualStudioVersion = 17.13.35919.96 d17.13
MinimumVisualStudioVersion = 10.0.40219.1
Project("{FAE04EC0-301F-11D3-BF4B-00C04F79EFBC}") = "Dicrtionary", "Dicrtionary\Dicrtionary.csproj", "{335F4DC5-CFA1-47AE-BB9E-D54BA4CE3139}"
EndProject
Global
	GlobalSection(SolutionConfigurationPlatforms) = preSolution
		Debug|Any CPU = Debug|Any CPU
		Release|Any CPU = Release|Any CPU
	EndGlobalSection
	GlobalSection(ProjectConfigurationPlatforms) = postSolution
		{335F4DC5-CFA1-47AE-BB9E-D54BA4CE3139}.Debug|Any CPU.ActiveCfg = Debug|Any CPU
		{335F4DC5-CFA1-47AE-BB9E-D54BA4CE3139}.Debug|Any CPU.Build.0 = Debug|Any CPU
		{335F4DC5-CFA1-47AE-BB9E-D54BA4CE3139}.Release|Any CPU.ActiveCfg = Release|Any CPU
		{335F4DC5-CFA1-47AE-BB9E-D54BA4CE3139}.Release|Any CPU.Build.0 = Release|Any CPU
	EndGlobalSection
	GlobalSection(SolutionProperties) = preSolution
		HideSolutionNode = FALSE
	EndGlobalSection
	GlobalSection(ExtensibilityGlobals) = postSolution
		SolutionGuid = {5F07CC53-3CD6-44D6-9A4B-7D68C0DDC36C}
	EndGlobalSection
EndGlobal
